
Microsoft Visual Studio Solution File, Format Version 12.00
# Visual Studio 15
VisualStudioVersion = 15.0.27130.2024
MinimumVisualStudioVersion = 10.0.40219.1
Project("{FAE04EC0-301F-11D3-BF4B-00C04F79EFBC}") = "Zipline2.Android", "Zipline2\Zipline2.Android\Zipline2.Android.csproj", "{0A059356-89F1-4263-A682-BACED3208854}"
EndProject
Project("{FAE04EC0-301F-11D3-BF4B-00C04F79EFBC}") = "Zipline2.iOS", "Zipline2\Zipline2.iOS\Zipline2.iOS.csproj", "{AB1B1235-AC7F-4A83-BA33-1B17D33A5786}"
EndProject
Project("{FAE04EC0-301F-11D3-BF4B-00C04F79EFBC}") = "Zipline2.UWP", "Zipline2\Zipline2.UWP\Zipline2.UWP.csproj", "{F7895BE0-F53B-403D-8512-853F1C6A4A81}"
EndProject
Project("{9A19103F-16F7-4668-BE54-9A1E7A4F7556}") = "Zipline2", "Zipline2\Zipline2\Zipline2.csproj", "{05272F1D-6B26-4599-A391-584ECCA03290}"
EndProject
Project("{2150E333-8FDC-42A3-9474-1A3956D46DE8}") = "Shared Code", "Shared Code", "{40283DBF-17CB-4839-BABD-4817BB660432}"
EndProject
Project("{2150E333-8FDC-42A3-9474-1A3956D46DE8}") = "Mobile Platforms", "Mobile Platforms", "{FA756E24-9DC9-43D2-8433-C391756897CA}"
EndProject
Global
	GlobalSection(SolutionConfigurationPlatforms) = preSolution
		Ad-Hoc|Any CPU = Ad-Hoc|Any CPU
		Ad-Hoc|ARM = Ad-Hoc|ARM
		Ad-Hoc|iPhone = Ad-Hoc|iPhone
		Ad-Hoc|iPhoneSimulator = Ad-Hoc|iPhoneSimulator
		Ad-Hoc|x64 = Ad-Hoc|x64
		Ad-Hoc|x86 = Ad-Hoc|x86
		AppStore|Any CPU = AppStore|Any CPU
		AppStore|ARM = AppStore|ARM
		AppStore|iPhone = AppStore|iPhone
		AppStore|iPhoneSimulator = AppStore|iPhoneSimulator
		AppStore|x64 = AppStore|x64
		AppStore|x86 = AppStore|x86
		Debug|Any CPU = Debug|Any CPU
		Debug|ARM = Debug|ARM
		Debug|iPhone = Debug|iPhone
		Debug|iPhoneSimulator = Debug|iPhoneSimulator
		Debug|x64 = Debug|x64
		Debug|x86 = Debug|x86
		Release|Any CPU = Release|Any CPU
		Release|ARM = Release|ARM
		Release|iPhone = Release|iPhone
		Release|iPhoneSimulator = Release|iPhoneSimulator
		Release|x64 = Release|x64
		Release|x86 = Release|x86
	EndGlobalSection
	GlobalSection(ProjectConfigurationPlatforms) = postSolution
		{0A059356-89F1-4263-A682-BACED3208854}.Ad-Hoc|Any CPU.ActiveCfg = Release|Any CPU
		{0A059356-89F1-4263-A682-BACED3208854}.Ad-Hoc|Any CPU.Build.0 = Release|Any CPU
		{0A059356-89F1-4263-A682-BACED3208854}.Ad-Hoc|Any CPU.Deploy.0 = Release|Any CPU
		{0A059356-89F1-4263-A682-BACED3208854}.Ad-Hoc|ARM.ActiveCfg = Release|Any CPU
		{0A059356-89F1-4263-A682-BACED3208854}.Ad-Hoc|ARM.Build.0 = Release|Any CPU
		{0A059356-89F1-4263-A682-BACED3208854}.Ad-Hoc|ARM.Deploy.0 = Release|Any CPU
		{0A059356-89F1-4263-A682-BACED3208854}.Ad-Hoc|iPhone.ActiveCfg = Release|Any CPU
		{0A059356-89F1-4263-A682-BACED3208854}.Ad-Hoc|iPhone.Build.0 = Release|Any CPU
		{0A059356-89F1-4263-A682-BACED3208854}.Ad-Hoc|iPhone.Deploy.0 = Release|Any CPU
		{0A059356-89F1-4263-A682-BACED3208854}.Ad-Hoc|iPhoneSimulator.ActiveCfg = Release|Any CPU
		{0A059356-89F1-4263-A682-BACED3208854}.Ad-Hoc|iPhoneSimulator.Build.0 = Release|Any CPU
		{0A059356-89F1-4263-A682-BACED3208854}.Ad-Hoc|iPhoneSimulator.Deploy.0 = Release|Any CPU
		{0A059356-89F1-4263-A682-BACED3208854}.Ad-Hoc|x64.ActiveCfg = Release|Any CPU
		{0A059356-89F1-4263-A682-BACED3208854}.Ad-Hoc|x64.Build.0 = Release|Any CPU
		{0A059356-89F1-4263-A682-BACED3208854}.Ad-Hoc|x64.Deploy.0 = Release|Any CPU
		{0A059356-89F1-4263-A682-BACED3208854}.Ad-Hoc|x86.ActiveCfg = Release|Any CPU
		{0A059356-89F1-4263-A682-BACED3208854}.Ad-Hoc|x86.Build.0 = Release|Any CPU
		{0A059356-89F1-4263-A682-BACED3208854}.Ad-Hoc|x86.Deploy.0 = Release|Any CPU
		{0A059356-89F1-4263-A682-BACED3208854}.AppStore|Any CPU.ActiveCfg = Release|Any CPU
		{0A059356-89F1-4263-A682-BACED3208854}.AppStore|Any CPU.Build.0 = Release|Any CPU
		{0A059356-89F1-4263-A682-BACED3208854}.AppStore|Any CPU.Deploy.0 = Release|Any CPU
		{0A059356-89F1-4263-A682-BACED3208854}.AppStore|ARM.ActiveCfg = Release|Any CPU
		{0A059356-89F1-4263-A682-BACED3208854}.AppStore|ARM.Build.0 = Release|Any CPU
		{0A059356-89F1-4263-A682-BACED3208854}.AppStore|ARM.Deploy.0 = Release|Any CPU
		{0A059356-89F1-4263-A682-BACED3208854}.AppStore|iPhone.ActiveCfg = Release|Any CPU
		{0A059356-89F1-4263-A682-BACED3208854}.AppStore|iPhone.Build.0 = Release|Any CPU
		{0A059356-89F1-4263-A682-BACED3208854}.AppStore|iPhone.Deploy.0 = Release|Any CPU
		{0A059356-89F1-4263-A682-BACED3208854}.AppStore|iPhoneSimulator.ActiveCfg = Release|Any CPU
		{0A059356-89F1-4263-A682-BACED3208854}.AppStore|iPhoneSimulator.Build.0 = Release|Any CPU
		{0A059356-89F1-4263-A682-BACED3208854}.AppStore|iPhoneSimulator.Deploy.0 = Release|Any CPU
		{0A059356-89F1-4263-A682-BACED3208854}.AppStore|x64.ActiveCfg = Release|Any CPU
		{0A059356-89F1-4263-A682-BACED3208854}.AppStore|x64.Build.0 = Release|Any CPU
		{0A059356-89F1-4263-A682-BACED3208854}.AppStore|x64.Deploy.0 = Release|Any CPU
		{0A059356-89F1-4263-A682-BACED3208854}.AppStore|x86.ActiveCfg = Release|Any CPU
		{0A059356-89F1-4263-A682-BACED3208854}.AppStore|x86.Build.0 = Release|Any CPU
		{0A059356-89F1-4263-A682-BACED3208854}.AppStore|x86.Deploy.0 = Release|Any CPU
		{0A059356-89F1-4263-A682-BACED3208854}.Debug|Any CPU.ActiveCfg = Debug|Any CPU
		{0A059356-89F1-4263-A682-BACED3208854}.Debug|Any CPU.Build.0 = Debug|Any CPU
		{0A059356-89F1-4263-A682-BACED3208854}.Debug|Any CPU.Deploy.0 = Debug|Any CPU
		{0A059356-89F1-4263-A682-BACED3208854}.Debug|ARM.ActiveCfg = Debug|Any CPU
		{0A059356-89F1-4263-A682-BACED3208854}.Debug|ARM.Build.0 = Debug|Any CPU
		{0A059356-89F1-4263-A682-BACED3208854}.Debug|ARM.Deploy.0 = Debug|Any CPU
		{0A059356-89F1-4263-A682-BACED3208854}.Debug|iPhone.ActiveCfg = Debug|Any CPU
		{0A059356-89F1-4263-A682-BACED3208854}.Debug|iPhone.Build.0 = Debug|Any CPU
		{0A059356-89F1-4263-A682-BACED3208854}.Debug|iPhone.Deploy.0 = Debug|Any CPU
		{0A059356-89F1-4263-A682-BACED3208854}.Debug|iPhoneSimulator.ActiveCfg = Debug|Any CPU
		{0A059356-89F1-4263-A682-BACED3208854}.Debug|iPhoneSimulator.Build.0 = Debug|Any CPU
		{0A059356-89F1-4263-A682-BACED3208854}.Debug|iPhoneSimulator.Deploy.0 = Debug|Any CPU
		{0A059356-89F1-4263-A682-BACED3208854}.Debug|x64.ActiveCfg = Debug|Any CPU
		{0A059356-89F1-4263-A682-BACED3208854}.Debug|x64.Build.0 = Debug|Any CPU
		{0A059356-89F1-4263-A682-BACED3208854}.Debug|x64.Deploy.0 = Debug|Any CPU
		{0A059356-89F1-4263-A682-BACED3208854}.Debug|x86.ActiveCfg = Debug|Any CPU
		{0A059356-89F1-4263-A682-BACED3208854}.Debug|x86.Build.0 = Debug|Any CPU
		{0A059356-89F1-4263-A682-BACED3208854}.Debug|x86.Deploy.0 = Debug|Any CPU
		{0A059356-89F1-4263-A682-BACED3208854}.Release|Any CPU.ActiveCfg = Release|Any CPU
		{0A059356-89F1-4263-A682-BACED3208854}.Release|Any CPU.Build.0 = Release|Any CPU
		{0A059356-89F1-4263-A682-BACED3208854}.Release|Any CPU.Deploy.0 = Release|Any CPU
		{0A059356-89F1-4263-A682-BACED3208854}.Release|ARM.ActiveCfg = Release|Any CPU
		{0A059356-89F1-4263-A682-BACED3208854}.Release|ARM.Build.0 = Release|Any CPU
		{0A059356-89F1-4263-A682-BACED3208854}.Release|ARM.Deploy.0 = Release|Any CPU
		{0A059356-89F1-4263-A682-BACED3208854}.Release|iPhone.ActiveCfg = Release|Any CPU
		{0A059356-89F1-4263-A682-BACED3208854}.Release|iPhone.Build.0 = Release|Any CPU
		{0A059356-89F1-4263-A682-BACED3208854}.Release|iPhone.Deploy.0 = Release|Any CPU
		{0A059356-89F1-4263-A682-BACED3208854}.Release|iPhoneSimulator.ActiveCfg = Release|Any CPU
		{0A059356-89F1-4263-A682-BACED3208854}.Release|iPhoneSimulator.Build.0 = Release|Any CPU
		{0A059356-89F1-4263-A682-BACED3208854}.Release|iPhoneSimulator.Deploy.0 = Release|Any CPU
		{0A059356-89F1-4263-A682-BACED3208854}.Release|x64.ActiveCfg = Release|Any CPU
		{0A059356-89F1-4263-A682-BACED3208854}.Release|x64.Build.0 = Release|Any CPU
		{0A059356-89F1-4263-A682-BACED3208854}.Release|x64.Deploy.0 = Release|Any CPU
		{0A059356-89F1-4263-A682-BACED3208854}.Release|x86.ActiveCfg = Release|Any CPU
		{0A059356-89F1-4263-A682-BACED3208854}.Release|x86.Build.0 = Release|Any CPU
		{0A059356-89F1-4263-A682-BACED3208854}.Release|x86.Deploy.0 = Release|Any CPU
		{AB1B1235-AC7F-4A83-BA33-1B17D33A5786}.Ad-Hoc|Any CPU.ActiveCfg = Ad-Hoc|iPhone
		{AB1B1235-AC7F-4A83-BA33-1B17D33A5786}.Ad-Hoc|ARM.ActiveCfg = Ad-Hoc|iPhone
		{AB1B1235-AC7F-4A83-BA33-1B17D33A5786}.Ad-Hoc|iPhone.ActiveCfg = Ad-Hoc|iPhone
		{AB1B1235-AC7F-4A83-BA33-1B17D33A5786}.Ad-Hoc|iPhone.Build.0 = Ad-Hoc|iPhone
		{AB1B1235-AC7F-4A83-BA33-1B17D33A5786}.Ad-Hoc|iPhoneSimulator.ActiveCfg = Ad-Hoc|iPhoneSimulator
		{AB1B1235-AC7F-4A83-BA33-1B17D33A5786}.Ad-Hoc|iPhoneSimulator.Build.0 = Ad-Hoc|iPhoneSimulator
		{AB1B1235-AC7F-4A83-BA33-1B17D33A5786}.Ad-Hoc|x64.ActiveCfg = Ad-Hoc|iPhone
		{AB1B1235-AC7F-4A83-BA33-1B17D33A5786}.Ad-Hoc|x86.ActiveCfg = Ad-Hoc|iPhone
		{AB1B1235-AC7F-4A83-BA33-1B17D33A5786}.AppStore|Any CPU.ActiveCfg = AppStore|iPhone
		{AB1B1235-AC7F-4A83-BA33-1B17D33A5786}.AppStore|ARM.ActiveCfg = AppStore|iPhone
		{AB1B1235-AC7F-4A83-BA33-1B17D33A5786}.AppStore|iPhone.ActiveCfg = AppStore|iPhone
		{AB1B1235-AC7F-4A83-BA33-1B17D33A5786}.AppStore|iPhone.Build.0 = AppStore|iPhone
		{AB1B1235-AC7F-4A83-BA33-1B17D33A5786}.AppStore|iPhoneSimulator.ActiveCfg = AppStore|iPhoneSimulator
		{AB1B1235-AC7F-4A83-BA33-1B17D33A5786}.AppStore|iPhoneSimulator.Build.0 = AppStore|iPhoneSimulator
		{AB1B1235-AC7F-4A83-BA33-1B17D33A5786}.AppStore|x64.ActiveCfg = AppStore|iPhone
		{AB1B1235-AC7F-4A83-BA33-1B17D33A5786}.AppStore|x86.ActiveCfg = AppStore|iPhone
		{AB1B1235-AC7F-4A83-BA33-1B17D33A5786}.Debug|Any CPU.ActiveCfg = Debug|iPhone
		{AB1B1235-AC7F-4A83-BA33-1B17D33A5786}.Debug|ARM.ActiveCfg = Debug|iPhone
		{AB1B1235-AC7F-4A83-BA33-1B17D33A5786}.Debug|iPhone.ActiveCfg = Debug|iPhone
		{AB1B1235-AC7F-4A83-BA33-1B17D33A5786}.Debug|iPhone.Build.0 = Debug|iPhone
		{AB1B1235-AC7F-4A83-BA33-1B17D33A5786}.Debug|iPhoneSimulator.ActiveCfg = Debug|iPhoneSimulator
		{AB1B1235-AC7F-4A83-BA33-1B17D33A5786}.Debug|iPhoneSimulator.Build.0 = Debug|iPhoneSimulator
		{AB1B1235-AC7F-4A83-BA33-1B17D33A5786}.Debug|x64.ActiveCfg = Debug|iPhone
		{AB1B1235-AC7F-4A83-BA33-1B17D33A5786}.Debug|x86.ActiveCfg = Debug|iPhone
		{AB1B1235-AC7F-4A83-BA33-1B17D33A5786}.Release|Any CPU.ActiveCfg = Release|iPhone
		{AB1B1235-AC7F-4A83-BA33-1B17D33A5786}.Release|ARM.ActiveCfg = Release|iPhone
		{AB1B1235-AC7F-4A83-BA33-1B17D33A5786}.Release|iPhone.ActiveCfg = Release|iPhone
		{AB1B1235-AC7F-4A83-BA33-1B17D33A5786}.Release|iPhone.Build.0 = Release|iPhone
		{AB1B1235-AC7F-4A83-BA33-1B17D33A5786}.Release|iPhoneSimulator.ActiveCfg = Release|iPhoneSimulator
		{AB1B1235-AC7F-4A83-BA33-1B17D33A5786}.Release|iPhoneSimulator.Build.0 = Release|iPhoneSimulator
		{AB1B1235-AC7F-4A83-BA33-1B17D33A5786}.Release|x64.ActiveCfg = Release|iPhone
		{AB1B1235-AC7F-4A83-BA33-1B17D33A5786}.Release|x86.ActiveCfg = Release|iPhone
		{F7895BE0-F53B-403D-8512-853F1C6A4A81}.Ad-Hoc|Any CPU.ActiveCfg = Release|x86
		{F7895BE0-F53B-403D-8512-853F1C6A4A81}.Ad-Hoc|Any CPU.Build.0 = Release|x86
		{F7895BE0-F53B-403D-8512-853F1C6A4A81}.Ad-Hoc|Any CPU.Deploy.0 = Release|x86
		{F7895BE0-F53B-403D-8512-853F1C6A4A81}.Ad-Hoc|ARM.ActiveCfg = Release|ARM
		{F7895BE0-F53B-403D-8512-853F1C6A4A81}.Ad-Hoc|ARM.Build.0 = Release|ARM
		{F7895BE0-F53B-403D-8512-853F1C6A4A81}.Ad-Hoc|ARM.Deploy.0 = Release|ARM
		{F7895BE0-F53B-403D-8512-853F1C6A4A81}.Ad-Hoc|iPhone.ActiveCfg = Release|x86
		{F7895BE0-F53B-403D-8512-853F1C6A4A81}.Ad-Hoc|iPhone.Build.0 = Release|x86
		{F7895BE0-F53B-403D-8512-853F1C6A4A81}.Ad-Hoc|iPhone.Deploy.0 = Release|x86
		{F7895BE0-F53B-403D-8512-853F1C6A4A81}.Ad-Hoc|iPhoneSimulator.ActiveCfg = Release|x86
		{F7895BE0-F53B-403D-8512-853F1C6A4A81}.Ad-Hoc|iPhoneSimulator.Build.0 = Release|x86
		{F7895BE0-F53B-403D-8512-853F1C6A4A81}.Ad-Hoc|iPhoneSimulator.Deploy.0 = Release|x86
		{F7895BE0-F53B-403D-8512-853F1C6A4A81}.Ad-Hoc|x64.ActiveCfg = Release|x64
		{F7895BE0-F53B-403D-8512-853F1C6A4A81}.Ad-Hoc|x64.Build.0 = Release|x64
		{F7895BE0-F53B-403D-8512-853F1C6A4A81}.Ad-Hoc|x64.Deploy.0 = Release|x64
		{F7895BE0-F53B-403D-8512-853F1C6A4A81}.Ad-Hoc|x86.ActiveCfg = Release|x86
		{F7895BE0-F53B-403D-8512-853F1C6A4A81}.Ad-Hoc|x86.Build.0 = Release|x86
		{F7895BE0-F53B-403D-8512-853F1C6A4A81}.Ad-Hoc|x86.Deploy.0 = Release|x86
		{F7895BE0-F53B-403D-8512-853F1C6A4A81}.AppStore|Any CPU.ActiveCfg = Release|x86
		{F7895BE0-F53B-403D-8512-853F1C6A4A81}.AppStore|Any CPU.Build.0 = Release|x86
		{F7895BE0-F53B-403D-8512-853F1C6A4A81}.AppStore|Any CPU.Deploy.0 = Release|x86
		{F7895BE0-F53B-403D-8512-853F1C6A4A81}.AppStore|ARM.ActiveCfg = Release|ARM
		{F7895BE0-F53B-403D-8512-853F1C6A4A81}.AppStore|ARM.Build.0 = Release|ARM
		{F7895BE0-F53B-403D-8512-853F1C6A4A81}.AppStore|ARM.Deploy.0 = Release|ARM
		{F7895BE0-F53B-403D-8512-853F1C6A4A81}.AppStore|iPhone.ActiveCfg = Release|x86
		{F7895BE0-F53B-403D-8512-853F1C6A4A81}.AppStore|iPhone.Build.0 = Release|x86
		{F7895BE0-F53B-403D-8512-853F1C6A4A81}.AppStore|iPhone.Deploy.0 = Release|x86
		{F7895BE0-F53B-403D-8512-853F1C6A4A81}.AppStore|iPhoneSimulator.ActiveCfg = Release|x86
		{F7895BE0-F53B-403D-8512-853F1C6A4A81}.AppStore|iPhoneSimulator.Build.0 = Release|x86
		{F7895BE0-F53B-403D-8512-853F1C6A4A81}.AppStore|iPhoneSimulator.Deploy.0 = Release|x86
		{F7895BE0-F53B-403D-8512-853F1C6A4A81}.AppStore|x64.ActiveCfg = Release|x64
		{F7895BE0-F53B-403D-8512-853F1C6A4A81}.AppStore|x64.Build.0 = Release|x64
		{F7895BE0-F53B-403D-8512-853F1C6A4A81}.AppStore|x64.Deploy.0 = Release|x64
		{F7895BE0-F53B-403D-8512-853F1C6A4A81}.AppStore|x86.ActiveCfg = Release|x86
		{F7895BE0-F53B-403D-8512-853F1C6A4A81}.AppStore|x86.Build.0 = Release|x86
		{F7895BE0-F53B-403D-8512-853F1C6A4A81}.AppStore|x86.Deploy.0 = Release|x86
		{F7895BE0-F53B-403D-8512-853F1C6A4A81}.Debug|Any CPU.ActiveCfg = Debug|x86
		{F7895BE0-F53B-403D-8512-853F1C6A4A81}.Debug|ARM.ActiveCfg = Debug|ARM
		{F7895BE0-F53B-403D-8512-853F1C6A4A81}.Debug|ARM.Build.0 = Debug|ARM
		{F7895BE0-F53B-403D-8512-853F1C6A4A81}.Debug|ARM.Deploy.0 = Debug|ARM
		{F7895BE0-F53B-403D-8512-853F1C6A4A81}.Debug|iPhone.ActiveCfg = Debug|x86
		{F7895BE0-F53B-403D-8512-853F1C6A4A81}.Debug|iPhoneSimulator.ActiveCfg = Debug|x86
		{F7895BE0-F53B-403D-8512-853F1C6A4A81}.Debug|x64.ActiveCfg = Debug|x64
		{F7895BE0-F53B-403D-8512-853F1C6A4A81}.Debug|x64.Build.0 = Debug|x64
		{F7895BE0-F53B-403D-8512-853F1C6A4A81}.Debug|x64.Deploy.0 = Debug|x64
		{F7895BE0-F53B-403D-8512-853F1C6A4A81}.Debug|x86.ActiveCfg = Debug|x86
		{F7895BE0-F53B-403D-8512-853F1C6A4A81}.Debug|x86.Build.0 = Debug|x86
		{F7895BE0-F53B-403D-8512-853F1C6A4A81}.Debug|x86.Deploy.0 = Debug|x86
		{F7895BE0-F53B-403D-8512-853F1C6A4A81}.Release|Any CPU.ActiveCfg = Release|x86
		{F7895BE0-F53B-403D-8512-853F1C6A4A81}.Release|ARM.ActiveCfg = Release|ARM
		{F7895BE0-F53B-403D-8512-853F1C6A4A81}.Release|ARM.Build.0 = Release|ARM
		{F7895BE0-F53B-403D-8512-853F1C6A4A81}.Release|ARM.Deploy.0 = Release|ARM
		{F7895BE0-F53B-403D-8512-853F1C6A4A81}.Release|iPhone.ActiveCfg = Release|x86
		{F7895BE0-F53B-403D-8512-853F1C6A4A81}.Release|iPhoneSimulator.ActiveCfg = Release|x86
		{F7895BE0-F53B-403D-8512-853F1C6A4A81}.Release|x64.ActiveCfg = Release|x64
		{F7895BE0-F53B-403D-8512-853F1C6A4A81}.Release|x64.Build.0 = Release|x64
		{F7895BE0-F53B-403D-8512-853F1C6A4A81}.Release|x64.Deploy.0 = Release|x64
		{F7895BE0-F53B-403D-8512-853F1C6A4A81}.Release|x86.ActiveCfg = Release|x86
		{F7895BE0-F53B-403D-8512-853F1C6A4A81}.Release|x86.Build.0 = Release|x86
		{F7895BE0-F53B-403D-8512-853F1C6A4A81}.Release|x86.Deploy.0 = Release|x86
		{05272F1D-6B26-4599-A391-584ECCA03290}.Ad-Hoc|Any CPU.ActiveCfg = Debug|Any CPU
		{05272F1D-6B26-4599-A391-584ECCA03290}.Ad-Hoc|Any CPU.Build.0 = Debug|Any CPU
		{05272F1D-6B26-4599-A391-584ECCA03290}.Ad-Hoc|ARM.ActiveCfg = Debug|Any CPU
		{05272F1D-6B26-4599-A391-584ECCA03290}.Ad-Hoc|ARM.Build.0 = Debug|Any CPU
		{05272F1D-6B26-4599-A391-584ECCA03290}.Ad-Hoc|iPhone.ActiveCfg = Debug|Any CPU
		{05272F1D-6B26-4599-A391-584ECCA03290}.Ad-Hoc|iPhone.Build.0 = Debug|Any CPU
		{05272F1D-6B26-4599-A391-584ECCA03290}.Ad-Hoc|iPhoneSimulator.ActiveCfg = Debug|Any CPU
		{05272F1D-6B26-4599-A391-584ECCA03290}.Ad-Hoc|iPhoneSimulator.Build.0 = Debug|Any CPU
		{05272F1D-6B26-4599-A391-584ECCA03290}.Ad-Hoc|x64.ActiveCfg = Debug|Any CPU
		{05272F1D-6B26-4599-A391-584ECCA03290}.Ad-Hoc|x64.Build.0 = Debug|Any CPU
		{05272F1D-6B26-4599-A391-584ECCA03290}.Ad-Hoc|x86.ActiveCfg = Debug|Any CPU
		{05272F1D-6B26-4599-A391-584ECCA03290}.Ad-Hoc|x86.Build.0 = Debug|Any CPU
		{05272F1D-6B26-4599-A391-584ECCA03290}.AppStore|Any CPU.ActiveCfg = Debug|Any CPU
		{05272F1D-6B26-4599-A391-584ECCA03290}.AppStore|Any CPU.Build.0 = Debug|Any CPU
		{05272F1D-6B26-4599-A391-584ECCA03290}.AppStore|ARM.ActiveCfg = Debug|Any CPU
		{05272F1D-6B26-4599-A391-584ECCA03290}.AppStore|ARM.Build.0 = Debug|Any CPU
		{05272F1D-6B26-4599-A391-584ECCA03290}.AppStore|iPhone.ActiveCfg = Debug|Any CPU
		{05272F1D-6B26-4599-A391-584ECCA03290}.AppStore|iPhone.Build.0 = Debug|Any CPU
		{05272F1D-6B26-4599-A391-584ECCA03290}.AppStore|iPhoneSimulator.ActiveCfg = Debug|Any CPU
		{05272F1D-6B26-4599-A391-584ECCA03290}.AppStore|iPhoneSimulator.Build.0 = Debug|Any CPU
		{05272F1D-6B26-4599-A391-584ECCA03290}.AppStore|x64.ActiveCfg = Debug|Any CPU
		{05272F1D-6B26-4599-A391-584ECCA03290}.AppStore|x64.Build.0 = Debug|Any CPU
		{05272F1D-6B26-4599-A391-584ECCA03290}.AppStore|x86.ActiveCfg = Debug|Any CPU
		{05272F1D-6B26-4599-A391-584ECCA03290}.AppStore|x86.Build.0 = Debug|Any CPU
		{05272F1D-6B26-4599-A391-584ECCA03290}.Debug|Any CPU.ActiveCfg = Debug|Any CPU
		{05272F1D-6B26-4599-A391-584ECCA03290}.Debug|Any CPU.Build.0 = Debug|Any CPU
		{05272F1D-6B26-4599-A391-584ECCA03290}.Debug|ARM.ActiveCfg = Debug|Any CPU
		{05272F1D-6B26-4599-A391-584ECCA03290}.Debug|ARM.Build.0 = Debug|Any CPU
		{05272F1D-6B26-4599-A391-584ECCA03290}.Debug|iPhone.ActiveCfg = Debug|Any CPU
		{05272F1D-6B26-4599-A391-584ECCA03290}.Debug|iPhone.Build.0 = Debug|Any CPU
		{05272F1D-6B26-4599-A391-584ECCA03290}.Debug|iPhoneSimulator.ActiveCfg = Debug|Any CPU
		{05272F1D-6B26-4599-A391-584ECCA03290}.Debug|iPhoneSimulator.Build.0 = Debug|Any CPU
		{05272F1D-6B26-4599-A391-584ECCA03290}.Debug|x64.ActiveCfg = Debug|Any CPU
		{05272F1D-6B26-4599-A391-584ECCA03290}.Debug|x64.Build.0 = Debug|Any CPU
		{05272F1D-6B26-4599-A391-584ECCA03290}.Debug|x86.ActiveCfg = Debug|Any CPU
		{05272F1D-6B26-4599-A391-584ECCA03290}.Debug|x86.Build.0 = Debug|Any CPU
		{05272F1D-6B26-4599-A391-584ECCA03290}.Release|Any CPU.ActiveCfg = Release|Any CPU
		{05272F1D-6B26-4599-A391-584ECCA03290}.Release|Any CPU.Build.0 = Release|Any CPU
		{05272F1D-6B26-4599-A391-584ECCA03290}.Release|ARM.ActiveCfg = Release|Any CPU
		{05272F1D-6B26-4599-A391-584ECCA03290}.Release|ARM.Build.0 = Release|Any CPU
		{05272F1D-6B26-4599-A391-584ECCA03290}.Release|iPhone.ActiveCfg = Release|Any CPU
		{05272F1D-6B26-4599-A391-584ECCA03290}.Release|iPhone.Build.0 = Release|Any CPU
		{05272F1D-6B26-4599-A391-584ECCA03290}.Release|iPhoneSimulator.ActiveCfg = Release|Any CPU
		{05272F1D-6B26-4599-A391-584ECCA03290}.Release|iPhoneSimulator.Build.0 = Release|Any CPU
		{05272F1D-6B26-4599-A391-584ECCA03290}.Release|x64.ActiveCfg = Release|Any CPU
		{05272F1D-6B26-4599-A391-584ECCA03290}.Release|x64.Build.0 = Release|Any CPU
		{05272F1D-6B26-4599-A391-584ECCA03290}.Release|x86.ActiveCfg = Release|Any CPU
		{05272F1D-6B26-4599-A391-584ECCA03290}.Release|x86.Build.0 = Release|Any CPU
	EndGlobalSection
	GlobalSection(SolutionProperties) = preSolution
		HideSolutionNode = FALSE
	EndGlobalSection
	GlobalSection(NestedProjects) = preSolution
		{0A059356-89F1-4263-A682-BACED3208854} = {FA756E24-9DC9-43D2-8433-C391756897CA}
		{AB1B1235-AC7F-4A83-BA33-1B17D33A5786} = {FA756E24-9DC9-43D2-8433-C391756897CA}
		{F7895BE0-F53B-403D-8512-853F1C6A4A81} = {FA756E24-9DC9-43D2-8433-C391756897CA}
		{05272F1D-6B26-4599-A391-584ECCA03290} = {40283DBF-17CB-4839-BABD-4817BB660432}
	EndGlobalSection
	GlobalSection(ExtensibilityGlobals) = postSolution
		SolutionGuid = {E74BB9C3-CF64-4B94-B135-7F80FF553EE4}
	EndGlobalSection
EndGlobal
